
Microsoft Visual Studio Solution File, Format Version 12.00
# Visual Studio Version 17
VisualStudioVersion = 17.3.32929.385
MinimumVisualStudioVersion = 10.0.40219.1
Project("{888888A0-9F3D-457C-B088-3A5042F75D52}") = "LouvainsAlgorithm", "PythonApp\LouvainsAlgorithm.pyproj", "{A3FD24ED-5BA7-4275-99A4-2926DE252D67}"
EndProject
Global
	GlobalSection(SolutionConfigurationPlatforms) = preSolution
		Debug|Any CPU = Debug|Any CPU
		Release|Any CPU = Release|Any CPU
	EndGlobalSection
	GlobalSection(ProjectConfigurationPlatforms) = postSolution
		{A3FD24ED-5BA7-4275-99A4-2926DE252D67}.Debug|Any CPU.ActiveCfg = Debug|Any CPU
		{A3FD24ED-5BA7-4275-99A4-2926DE252D67}.Release|Any CPU.ActiveCfg = Release|Any CPU
	EndGlobalSection
	GlobalSection(SolutionProperties) = preSolution
		HideSolutionNode = FALSE
	EndGlobalSection
	GlobalSection(ExtensibilityGlobals) = postSolution
		SolutionGuid = {0381176F-891A-4DB1-8424-79F5A4139BDA}
	EndGlobalSection
EndGlobal
